// !$*UTF8*$!
{
	archiveVersion = 1;
	classes = {
	};
	objectVersion = 56;
	objects = {

/* Begin PBXBuildFile section */
		17881C5E5AB69D82265581A7 /* Pods_NIU_App.framework in Frameworks */ = {isa = PBXBuildFile; fileRef = AADBFC99E8E65F470A34738B /* Pods_NIU_App.framework */; };
		EE85B2242A0A0215002D1EA1 /* AppDelegate.swift in Sources */ = {isa = PBXBuildFile; fileRef = EE85B2232A0A0215002D1EA1 /* AppDelegate.swift */; };
		EE85B2282A0A0215002D1EA1 /* ViewController.swift in Sources */ = {isa = PBXBuildFile; fileRef = EE85B2272A0A0215002D1EA1 /* ViewController.swift */; };
		EE85B22D2A0A0216002D1EA1 /* Assets.xcassets in Resources */ = {isa = PBXBuildFile; fileRef = EE85B22C2A0A0216002D1EA1 /* Assets.xcassets */; };
		EE85B2302A0A0216002D1EA1 /* LaunchScreen.storyboard in Resources */ = {isa = PBXBuildFile; fileRef = EE85B22E2A0A0216002D1EA1 /* LaunchScreen.storyboard */; };
		EED83CED2A0A915A004BA2F6 /* model-meta.tflite in Resources */ = {isa = PBXBuildFile; fileRef = EED83CEC2A0A915A004BA2F6 /* model-meta.tflite */; };
/* End PBXBuildFile section */

/* Begin PBXFileReference section */
		128FBB9615F9D85D3AD0D5F5 /* Pods-NIU App.debug.xcconfig */ = {isa = PBXFileReference; includeInIndex = 1; lastKnownFileType = text.xcconfig; name = "Pods-NIU App.debug.xcconfig"; path = "Target Support Files/Pods-NIU App/Pods-NIU App.debug.xcconfig"; sourceTree = "<group>"; };
		AADBFC99E8E65F470A34738B /* Pods_NIU_App.framework */ = {isa = PBXFileReference; explicitFileType = wrapper.framework; includeInIndex = 0; path = Pods_NIU_App.framework; sourceTree = BUILT_PRODUCTS_DIR; };
		BD30EE95A4BC6C0DDB1CEA2E /* Pods-NIU App.release.xcconfig */ = {isa = PBXFileReference; includeInIndex = 1; lastKnownFileType = text.xcconfig; name = "Pods-NIU App.release.xcconfig"; path = "Target Support Files/Pods-NIU App/Pods-NIU App.release.xcconfig"; sourceTree = "<group>"; };
		EE85B2202A0A0215002D1EA1 /* NIU App.app */ = {isa = PBXFileReference; explicitFileType = wrapper.application; includeInIndex = 0; path = "NIU App.app"; sourceTree = BUILT_PRODUCTS_DIR; };
		EE85B2232A0A0215002D1EA1 /* AppDelegate.swift */ = {isa = PBXFileReference; lastKnownFileType = sourcecode.swift; path = AppDelegate.swift; sourceTree = "<group>"; };
		EE85B2272A0A0215002D1EA1 /* ViewController.swift */ = {isa = PBXFileReference; lastKnownFileType = sourcecode.swift; path = ViewController.swift; sourceTree = "<group>"; };
		EE85B22C2A0A0216002D1EA1 /* Assets.xcassets */ = {isa = PBXFileReference; lastKnownFileType = folder.assetcatalog; path = Assets.xcassets; sourceTree = "<group>"; };
		EE85B22F2A0A0216002D1EA1 /* Base */ = {isa = PBXFileReference; lastKnownFileType = file.storyboard; name = Base; path = Base.lproj/LaunchScreen.storyboard; sourceTree = "<group>"; };
		EE85B2312A0A0216002D1EA1 /* Info.plist */ = {isa = PBXFileReference; lastKnownFileType = text.plist.xml; path = Info.plist; sourceTree = "<group>"; };
		EED83CEC2A0A915A004BA2F6 /* model-meta.tflite */ = {isa = PBXFileReference; lastKnownFileType = file; path = "model-meta.tflite"; sourceTree = "<group>"; };
/* End PBXFileReference section */

/* Begin PBXFrameworksBuildPhase section */
		EE85B21D2A0A0215002D1EA1 /* Frameworks */ = {
			isa = PBXFrameworksBuildPhase;
			buildActionMask = 2147483647;
			files = (
				17881C5E5AB69D82265581A7 /* Pods_NIU_App.framework in Frameworks */,
			);
			runOnlyForDeploymentPostprocessing = 0;
		};
/* End PBXFrameworksBuildPhase section */

/* Begin PBXGroup section */
		CF0AFECB64EB6B11A2C6867C /* Pods */ = {
			isa = PBXGroup;
			children = (
				128FBB9615F9D85D3AD0D5F5 /* Pods-NIU App.debug.xcconfig */,
				BD30EE95A4BC6C0DDB1CEA2E /* Pods-NIU App.release.xcconfig */,
			);
			path = Pods;
			sourceTree = "<group>";
		};
		D0AC8D8DDF76666348C35D16 /* Frameworks */ = {
			isa = PBXGroup;
			children = (
				AADBFC99E8E65F470A34738B /* Pods_NIU_App.framework */,
			);
			name = Frameworks;
			sourceTree = "<group>";
		};
		EE85B2172A0A0215002D1EA1 = {
			isa = PBXGroup;
			children = (
				EE85B2222A0A0215002D1EA1 /* NIU App */,
				EE85B2212A0A0215002D1EA1 /* Products */,
				CF0AFECB64EB6B11A2C6867C /* Pods */,
				D0AC8D8DDF76666348C35D16 /* Frameworks */,
			);
			sourceTree = "<group>";
		};
		EE85B2212A0A0215002D1EA1 /* Products */ = {
			isa = PBXGroup;
			children = (
				EE85B2202A0A0215002D1EA1 /* NIU App.app */,
			);
			name = Products;
			sourceTree = "<group>";
		};
		EE85B2222A0A0215002D1EA1 /* NIU App */ = {
			isa = PBXGroup;
			children = (
				EED83CE52A0A79D9004BA2F6 /* model */,
				EE85B2232A0A0215002D1EA1 /* AppDelegate.swift */,
				EE85B2272A0A0215002D1EA1 /* ViewController.swift */,
				EE85B22C2A0A0216002D1EA1 /* Assets.xcassets */,
				EE85B22E2A0A0216002D1EA1 /* LaunchScreen.storyboard */,
				EE85B2312A0A0216002D1EA1 /* Info.plist */,
			);
			path = "NIU App";
			sourceTree = "<group>";
		};
		EED83CE52A0A79D9004BA2F6 /* model */ = {
			isa = PBXGroup;
			children = (
				EED83CEC2A0A915A004BA2F6 /* model-meta.tflite */,
			);
			path = model;
			sourceTree = "<group>";
		};
/* End PBXGroup section */

/* Begin PBXNativeTarget section */
		EE85B21F2A0A0215002D1EA1 /* NIU App */ = {
			isa = PBXNativeTarget;
			buildConfigurationList = EE85B2342A0A0216002D1EA1 /* Build configuration list for PBXNativeTarget "NIU App" */;
			buildPhases = (
				DD811ECE4263DB586BCD248E /* [CP] Check Pods Manifest.lock */,
				EE85B21C2A0A0215002D1EA1 /* Sources */,
				EE85B21D2A0A0215002D1EA1 /* Frameworks */,
				EE85B21E2A0A0215002D1EA1 /* Resources */,
			);
			buildRules = (
			);
			dependencies = (
			);
			name = "NIU App";
			productName = "NIU App";
			productReference = EE85B2202A0A0215002D1EA1 /* NIU App.app */;
			productType = "com.apple.product-type.application";
		};
/* End PBXNativeTarget section */

/* Begin PBXProject section */
		EE85B2182A0A0215002D1EA1 /* Project object */ = {
			isa = PBXProject;
			attributes = {
				BuildIndependentTargetsInParallel = 1;
				LastSwiftUpdateCheck = 1420;
				LastUpgradeCheck = 1420;
				TargetAttributes = {
					EE85B21F2A0A0215002D1EA1 = {
						CreatedOnToolsVersion = 14.2;
					};
				};
			};
			buildConfigurationList = EE85B21B2A0A0215002D1EA1 /* Build configuration list for PBXProject "NIU App" */;
			compatibilityVersion = "Xcode 14.0";
			developmentRegion = en;
			hasScannedForEncodings = 0;
			knownRegions = (
				en,
				Base,
			);
			mainGroup = EE85B2172A0A0215002D1EA1;
			productRefGroup = EE85B2212A0A0215002D1EA1 /* Products */;
			projectDirPath = "";
			projectRoot = "";
			targets = (
				EE85B21F2A0A0215002D1EA1 /* NIU App */,
			);
		};
/* End PBXProject section */

/* Begin PBXResourcesBuildPhase section */
		EE85B21E2A0A0215002D1EA1 /* Resources */ = {
			isa = PBXResourcesBuildPhase;
			buildActionMask = 2147483647;
			files = (
				EE85B2302A0A0216002D1EA1 /* LaunchScreen.storyboard in Resources */,
				EE85B22D2A0A0216002D1EA1 /* Assets.xcassets in Resources */,
				EED83CED2A0A915A004BA2F6 /* model-meta.tflite in Resources */,
			);
			runOnlyForDeploymentPostprocessing = 0;
		};
/* End PBXResourcesBuildPhase section */

/* Begin PBXShellScriptBuildPhase section */
		DD811ECE4263DB586BCD248E /* [CP] Check Pods Manifest.lock */ = {
			isa = PBXShellScriptBuildPhase;
			buildActionMask = 2147483647;
			files = (
			);
			inputFileListPaths = (
			);
			inputPaths = (
				"${PODS_PODFILE_DIR_PATH}/Podfile.lock",
				"${PODS_ROOT}/Manifest.lock",
			);
			name = "[CP] Check Pods Manifest.lock";
			outputFileListPaths = (
			);
			outputPaths = (
				"$(DERIVED_FILE_DIR)/Pods-NIU App-checkManifestLockResult.txt",
			);
			runOnlyForDeploymentPostprocessing = 0;
			shellPath = /bin/sh;
			shellScript = "diff \"${PODS_PODFILE_DIR_PATH}/Podfile.lock\" \"${PODS_ROOT}/Manifest.lock\" > /dev/null\nif [ $? != 0 ] ; then\n    # print error to STDERR\n    echo \"error: The sandbox is not in sync with the Podfile.lock. Run 'pod install' or update your CocoaPods installation.\" >&2\n    exit 1\nfi\n# This output is used by Xcode 'outputs' to avoid re-running this script phase.\necho \"SUCCESS\" > \"${SCRIPT_OUTPUT_FILE_0}\"\n";
			showEnvVarsInLog = 0;
		};
/* End PBXShellScriptBuildPhase section */

/* Begin PBXSourcesBuildPhase section */
		EE85B21C2A0A0215002D1EA1 /* Sources */ = {
			isa = PBXSourcesBuildPhase;
			buildActionMask = 2147483647;
			files = (
				EE85B2282A0A0215002D1EA1 /* ViewController.swift in Sources */,
				EE85B2242A0A0215002D1EA1 /* AppDelegate.swift in Sources */,
			);
			runOnlyForDeploymentPostprocessing = 0;
		};
/* End PBXSourcesBuildPhase section */

/* Begin PBXVariantGroup section */
		EE85B22E2A0A0216002D1EA1 /* LaunchScreen.storyboard */ = {
			isa = PBXVariantGroup;
			children = (
				EE85B22F2A0A0216002D1EA1 /* Base */,
			);
			name = LaunchScreen.storyboard;
			sourceTree = "<group>";
		};
/* End PBXVariantGroup section */

/* Begin XCBuildConfiguration section */
		EE85B2322A0A0216002D1EA1 /* Debug */ = {
			isa = XCBuildConfiguration;
			buildSettings = {
				ALWAYS_SEARCH_USER_PATHS = NO;
				CLANG_ANALYZER_NONNULL = YES;
				CLANG_ANALYZER_NUMBER_OBJECT_CONVERSION = YES_AGGRESSIVE;
				CLANG_CXX_LANGUAGE_STANDARD = "gnu++20";
				CLANG_ENABLE_MODULES = YES;
				CLANG_ENABLE_OBJC_ARC = YES;
				CLANG_ENABLE_OBJC_WEAK = YES;
				CLANG_WARN_BLOCK_CAPTURE_AUTORELEASING = YES;
				CLANG_WARN_BOOL_CONVERSION = YES;
				CLANG_WARN_COMMA = YES;
				CLANG_WARN_CONSTANT_CONVERSION = YES;
				CLANG_WARN_DEPRECATED_OBJC_IMPLEMENTATIONS = YES;
				CLANG_WARN_DIRECT_OBJC_ISA_USAGE = YES_ERROR;
				CLANG_WARN_DOCUMENTATION_COMMENTS = YES;
				CLANG_WARN_EMPTY_BODY = YES;
				CLANG_WARN_ENUM_CONVERSION = YES;
				CLANG_WARN_INFINITE_RECURSION = YES;
				CLANG_WARN_INT_CONVERSION = YES;
				CLANG_WARN_NON_LITERAL_NULL_CONVERSION = YES;
				CLANG_WARN_OBJC_IMPLICIT_RETAIN_SELF = YES;
				CLANG_WARN_OBJC_LITERAL_CONVERSION = YES;
				CLANG_WARN_OBJC_ROOT_CLASS = YES_ERROR;
				CLANG_WARN_QUOTED_INCLUDE_IN_FRAMEWORK_HEADER = YES;
				CLANG_WARN_RANGE_LOOP_ANALYSIS = YES;
				CLANG_WARN_STRICT_PROTOTYPES = YES;
				CLANG_WARN_SUSPICIOUS_MOVE = YES;
				CLANG_WARN_UNGUARDED_AVAILABILITY = YES_AGGRESSIVE;
				CLANG_WARN_UNREACHABLE_CODE = YES;
				CLANG_WARN__DUPLICATE_METHOD_MATCH = YES;
				COPY_PHASE_STRIP = NO;
				DEBUG_INFORMATION_FORMAT = dwarf;
				ENABLE_STRICT_OBJC_MSGSEND = YES;
				ENABLE_TESTABILITY = YES;
				"EXCLUDED_ARCHS[sdk=*]" = arm64;
				GCC_C_LANGUAGE_STANDARD = gnu11;
				GCC_DYNAMIC_NO_PIC = NO;
				GCC_NO_COMMON_BLOCKS = YES;
				GCC_OPTIMIZATION_LEVEL = 0;
				GCC_PREPROCESSOR_DEFINITIONS = (
					"DEBUG=1",
					"$(inherited)",
				);
				GCC_WARN_64_TO_32_BIT_CONVERSION = YES;
				GCC_WARN_ABOUT_RETURN_TYPE = YES_ERROR;
				GCC_WARN_UNDECLARED_SELECTOR = YES;
				GCC_WARN_UNINITIALIZED_AUTOS = YES_AGGRESSIVE;
				GCC_WARN_UNUSED_FUNCTION = YES;
				GCC_WARN_UNUSED_VARIABLE = YES;
				IPHONEOS_DEPLOYMENT_TARGET = 16.2;
				MTL_ENABLE_DEBUG_INFO = INCLUDE_SOURCE;
				MTL_FAST_MATH = YES;
				ONLY_ACTIVE_ARCH = NO;
				SDKROOT = iphoneos;
				SWIFT_ACTIVE_COMPILATION_CONDITIONS = DEBUG;
				SWIFT_OPTIMIZATION_LEVEL = "-Onone";
			};
			name = Debug;
		};
		EE85B2332A0A0216002D1EA1 /* Release */ = {
			isa = XCBuildConfiguration;
			buildSettings = {
				ALWAYS_SEARCH_USER_PATHS = NO;
				CLANG_ANALYZER_NONNULL = YES;
				CLANG_ANALYZER_NUMBER_OBJECT_CONVERSION = YES_AGGRESSIVE;
				CLANG_CXX_LANGUAGE_STANDARD = "gnu++20";
				CLANG_ENABLE_MODULES = YES;
				CLANG_ENABLE_OBJC_ARC = YES;
				CLANG_ENABLE_OBJC_WEAK = YES;
				CLANG_WARN_BLOCK_CAPTURE_AUTORELEASING = YES;
				CLANG_WARN_BOOL_CONVERSION = YES;
				CLANG_WARN_COMMA = YES;
				CLANG_WARN_CONSTANT_CONVERSION = YES;
				CLANG_WARN_DEPRECATED_OBJC_IMPLEMENTATIONS = YES;
				CLANG_WARN_DIRECT_OBJC_ISA_USAGE = YES_ERROR;
				CLANG_WARN_DOCUMENTATION_COMMENTS = YES;
				CLANG_WARN_EMPTY_BODY = YES;
				CLANG_WARN_ENUM_CONVERSION = YES;
				CLANG_WARN_INFINITE_RECURSION = YES;
				CLANG_WARN_INT_CONVERSION = YES;
				CLANG_WARN_NON_LITERAL_NULL_CONVERSION = YES;
				CLANG_WARN_OBJC_IMPLICIT_RETAIN_SELF = YES;
				CLANG_WARN_OBJC_LITERAL_CONVERSION = YES;
				CLANG_WARN_OBJC_ROOT_CLASS = YES_ERROR;
				CLANG_WARN_QUOTED_INCLUDE_IN_FRAMEWORK_HEADER = YES;
				CLANG_WARN_RANGE_LOOP_ANALYSIS = YES;
				CLANG_WARN_STRICT_PROTOTYPES = YES;
				CLANG_WARN_SUSPICIOUS_MOVE = YES;
				CLANG_WARN_UNGUARDED_AVAILABILITY = YES_AGGRESSIVE;
				CLANG_WARN_UNREACHABLE_CODE = YES;
				CLANG_WARN__DUPLICATE_METHOD_MATCH = YES;
				COPY_PHASE_STRIP = NO;
				DEBUG_INFORMATION_FORMAT = "dwarf-with-dsym";
				ENABLE_NS_ASSERTIONS = NO;
				ENABLE_STRICT_OBJC_MSGSEND = YES;
				GCC_C_LANGUAGE_STANDARD = gnu11;
				GCC_NO_COMMON_BLOCKS = YES;
				GCC_WARN_64_TO_32_BIT_CONVERSION = YES;
				GCC_WARN_ABOUT_RETURN_TYPE = YES_ERROR;
				GCC_WARN_UNDECLARED_SELECTOR = YES;
				GCC_WARN_UNINITIALIZED_AUTOS = YES_AGGRESSIVE;
				GCC_WARN_UNUSED_FUNCTION = YES;
				GCC_WARN_UNUSED_VARIABLE = YES;
				IPHONEOS_DEPLOYMENT_TARGET = 16.2;
				MTL_ENABLE_DEBUG_INFO = NO;
				MTL_FAST_MATH = YES;
				SDKROOT = iphoneos;
				SWIFT_COMPILATION_MODE = wholemodule;
				SWIFT_OPTIMIZATION_LEVEL = "-O";
				VALIDATE_PRODUCT = YES;
			};
			name = Release;
		};
		EE85B2352A0A0216002D1EA1 /* Debug */ = {
			isa = XCBuildConfiguration;
			baseConfigurationReference = 128FBB9615F9D85D3AD0D5F5 /* Pods-NIU App.debug.xcconfig */;
			buildSettings = {
				ASSETCATALOG_COMPILER_APPICON_NAME = AppIcon;
				ASSETCATALOG_COMPILER_GLOBAL_ACCENT_COLOR_NAME = AccentColor;
				CODE_SIGN_STYLE = Automatic;
				CURRENT_PROJECT_VERSION = 1;
				DEVELOPMENT_TEAM = P56QEL6RHH;
				GENERATE_INFOPLIST_FILE = YES;
				INFOPLIST_FILE = "NIU App/Info.plist";
				INFOPLIST_KEY_UIApplicationSupportsIndirectInputEvents = YES;
				INFOPLIST_KEY_UILaunchStoryboardName = LaunchScreen;
				INFOPLIST_KEY_UIMainStoryboardFile = "";
				INFOPLIST_KEY_UISupportedInterfaceOrientations_iPad = "UIInterfaceOrientationPortrait UIInterfaceOrientationPortraitUpsideDown UIInterfaceOrientationLandscapeLeft UIInterfaceOrientationLandscapeRight";
				INFOPLIST_KEY_UISupportedInterfaceOrientations_iPhone = "UIInterfaceOrientationPortrait UIInterfaceOrientationLandscapeLeft UIInterfaceOrientationLandscapeRight";
				IPHONEOS_DEPLOYMENT_TARGET = 13.0;
				LD_RUNPATH_SEARCH_PATHS = (
					"$(inherited)",
					"@executable_path/Frameworks",
				);
				MARKETING_VERSION = 1.0;
				PRODUCT_BUNDLE_IDENTIFIER = "tw.edu.niu.NIU-App";
				PRODUCT_NAME = "$(TARGET_NAME)";
				SWIFT_EMIT_LOC_STRINGS = YES;
				SWIFT_VERSION = 5.0;
				TARGETED_DEVICE_FAMILY = "1,2";
			};
			name = Debug;
		};
		EE85B2362A0A0216002D1EA1 /* Release */ = {
			isa = XCBuildConfiguration;
			baseConfigurationReference = BD30EE95A4BC6C0DDB1CEA2E /* Pods-NIU App.release.xcconfig */;
			buildSettings = {
				ASSETCATALOG_COMPILER_APPICON_NAME = AppIcon;
				ASSETCATALOG_COMPILER_GLOBAL_ACCENT_COLOR_NAME = AccentColor;
				CODE_SIGN_STYLE = Automatic;
				CURRENT_PROJECT_VERSION = 1;
				DEVELOPMENT_TEAM = P56QEL6RHH;
				GENERATE_INFOPLIST_FILE = YES;
				INFOPLIST_FILE = "NIU App/Info.plist";
				INFOPLIST_KEY_UIApplicationSupportsIndirectInputEvents = YES;
				INFOPLIST_KEY_UILaunchStoryboardName = LaunchScreen;
				INFOPLIST_KEY_UIMainStoryboardFile = "";
				INFOPLIST_KEY_UISupportedInterfaceOrientations_iPad = "UIInterfaceOrientationPortrait UIInterfaceOrientationPortraitUpsideDown UIInterfaceOrientationLandscapeLeft UIInterfaceOrientationLandscapeRight";
				INFOPLIST_KEY_UISupportedInterfaceOrientations_iPhone = "UIInterfaceOrientationPortrait UIInterfaceOrientationLandscapeLeft UIInterfaceOrientationLandscapeRight";
				IPHONEOS_DEPLOYMENT_TARGET = 13.0;
				LD_RUNPATH_SEARCH_PATHS = (
					"$(inherited)",
					"@executable_path/Frameworks",
				);
				MARKETING_VERSION = 1.0;
				PRODUCT_BUNDLE_IDENTIFIER = "tw.edu.niu.NIU-App";
				PRODUCT_NAME = "$(TARGET_NAME)";
				SWIFT_EMIT_LOC_STRINGS = YES;
				SWIFT_VERSION = 5.0;
				TARGETED_DEVICE_FAMILY = "1,2";
			};
			name = Release;
		};
/* End XCBuildConfiguration section */

/* Begin XCConfigurationList section */
		EE85B21B2A0A0215002D1EA1 /* Build configuration list for PBXProject "NIU App" */ = {
			isa = XCConfigurationList;
			buildConfigurations = (
				EE85B2322A0A0216002D1EA1 /* Debug */,
				EE85B2332A0A0216002D1EA1 /* Release */,
			);
			defaultConfigurationIsVisible = 0;
			defaultConfigurationName = Release;
		};
		EE85B2342A0A0216002D1EA1 /* Build configuration list for PBXNativeTarget "NIU App" */ = {
			isa = XCConfigurationList;
			buildConfigurations = (
				EE85B2352A0A0216002D1EA1 /* Debug */,
				EE85B2362A0A0216002D1EA1 /* Release */,
			);
			defaultConfigurationIsVisible = 0;
			defaultConfigurationName = Release;
		};
/* End XCConfigurationList section */
	};
	rootObject = EE85B2182A0A0215002D1EA1 /* Project object */;
}
